
Microsoft Visual Studio Solution File, Format Version 12.00
# Visual Studio Version 17
VisualStudioVersion = 17.0.32014.148
MinimumVisualStudioVersion = 10.0.40219.1
Project("{9A19103F-16F7-4668-BE54-9A1E7A4F7556}") = "Entra21.ExemplosWhile", "Entra21.ExemplosWhile\Entra21.ExemplosWhile.csproj", "{1177DE74-FD17-4DA1-8DCD-D25E8F1340D7}"
EndProject
Project("{9A19103F-16F7-4668-BE54-9A1E7A4F7556}") = "Entra21.ExerciciosWhile", "Entra21.ExerciciosWhile\Entra21.ExerciciosWhile.csproj", "{E36CF026-60B1-42C4-ACAF-16EF9CF37B2A}"
EndProject
Project("{9A19103F-16F7-4668-BE54-9A1E7A4F7556}") = "Entra21.ExerciciosFor", "Entra21.ExerciciosFor\Entra21.ExerciciosFor.csproj", "{D7E85505-4B1A-4005-BEE4-0B864B5D29AF}"
EndProject
Project("{FAE04EC0-301F-11D3-BF4B-00C04F79EFBC}") = "Entra21.ExerciciosVetor", "Entra21.ExerciciosVetor\Entra21.ExerciciosVetor.csproj", "{DFE2B2BA-9A5C-40BC-860E-59AA73DDFE68}"
EndProject
Global
	GlobalSection(SolutionConfigurationPlatforms) = preSolution
		Debug|Any CPU = Debug|Any CPU
		Release|Any CPU = Release|Any CPU
	EndGlobalSection
	GlobalSection(ProjectConfigurationPlatforms) = postSolution
		{1177DE74-FD17-4DA1-8DCD-D25E8F1340D7}.Debug|Any CPU.ActiveCfg = Debug|Any CPU
		{1177DE74-FD17-4DA1-8DCD-D25E8F1340D7}.Debug|Any CPU.Build.0 = Debug|Any CPU
		{1177DE74-FD17-4DA1-8DCD-D25E8F1340D7}.Release|Any CPU.ActiveCfg = Release|Any CPU
		{1177DE74-FD17-4DA1-8DCD-D25E8F1340D7}.Release|Any CPU.Build.0 = Release|Any CPU
		{E36CF026-60B1-42C4-ACAF-16EF9CF37B2A}.Debug|Any CPU.ActiveCfg = Debug|Any CPU
		{E36CF026-60B1-42C4-ACAF-16EF9CF37B2A}.Debug|Any CPU.Build.0 = Debug|Any CPU
		{E36CF026-60B1-42C4-ACAF-16EF9CF37B2A}.Release|Any CPU.ActiveCfg = Release|Any CPU
		{E36CF026-60B1-42C4-ACAF-16EF9CF37B2A}.Release|Any CPU.Build.0 = Release|Any CPU
		{D7E85505-4B1A-4005-BEE4-0B864B5D29AF}.Debug|Any CPU.ActiveCfg = Debug|Any CPU
		{D7E85505-4B1A-4005-BEE4-0B864B5D29AF}.Debug|Any CPU.Build.0 = Debug|Any CPU
		{D7E85505-4B1A-4005-BEE4-0B864B5D29AF}.Release|Any CPU.ActiveCfg = Release|Any CPU
		{D7E85505-4B1A-4005-BEE4-0B864B5D29AF}.Release|Any CPU.Build.0 = Release|Any CPU
		{DFE2B2BA-9A5C-40BC-860E-59AA73DDFE68}.Debug|Any CPU.ActiveCfg = Debug|Any CPU
		{DFE2B2BA-9A5C-40BC-860E-59AA73DDFE68}.Debug|Any CPU.Build.0 = Debug|Any CPU
		{DFE2B2BA-9A5C-40BC-860E-59AA73DDFE68}.Release|Any CPU.ActiveCfg = Release|Any CPU
		{DFE2B2BA-9A5C-40BC-860E-59AA73DDFE68}.Release|Any CPU.Build.0 = Release|Any CPU
	EndGlobalSection
	GlobalSection(SolutionProperties) = preSolution
		HideSolutionNode = FALSE
	EndGlobalSection
	GlobalSection(ExtensibilityGlobals) = postSolution
		SolutionGuid = {19C29826-33EB-4BB4-AD81-74C3EA981747}
	EndGlobalSection
EndGlobal
